
Microsoft Visual Studio Solution File, Format Version 12.00
# Visual Studio Version 16
VisualStudioVersion = 16.0.36422.26
MinimumVisualStudioVersion = 10.0.40219.1
Project("{FAE04EC0-301F-11D3-BF4B-00C04F79EFBC}") = "Phanthiaimy_1150080106_B5_Bai5", "Phanthiaimy_1150080106_B5_Bai5\Phanthiaimy_1150080106_B5_Bai5.csproj", "{3ED7C1E0-A848-45A5-ACB8-829C8921FC07}"
EndProject
Project("{FAE04EC0-301F-11D3-BF4B-00C04F79EFBC}") = "Phanthiaimy_1150080106_B5_Bai5.Test", "Phanthiaimy_1150080106_B5_Bai5.Test\Phanthiaimy_1150080106_B5_Bai5.Test.csproj", "{23182683-B855-4DB5-BD26-C75001A1A289}"
EndProject
Global
	GlobalSection(SolutionConfigurationPlatforms) = preSolution
		Debug|Any CPU = Debug|Any CPU
		Release|Any CPU = Release|Any CPU
	EndGlobalSection
	GlobalSection(ProjectConfigurationPlatforms) = postSolution
		{3ED7C1E0-A848-45A5-ACB8-829C8921FC07}.Debug|Any CPU.ActiveCfg = Debug|Any CPU
		{3ED7C1E0-A848-45A5-ACB8-829C8921FC07}.Debug|Any CPU.Build.0 = Debug|Any CPU
		{3ED7C1E0-A848-45A5-ACB8-829C8921FC07}.Release|Any CPU.ActiveCfg = Release|Any CPU
		{3ED7C1E0-A848-45A5-ACB8-829C8921FC07}.Release|Any CPU.Build.0 = Release|Any CPU
		{23182683-B855-4DB5-BD26-C75001A1A289}.Debug|Any CPU.ActiveCfg = Debug|Any CPU
		{23182683-B855-4DB5-BD26-C75001A1A289}.Debug|Any CPU.Build.0 = Debug|Any CPU
		{23182683-B855-4DB5-BD26-C75001A1A289}.Release|Any CPU.ActiveCfg = Release|Any CPU
		{23182683-B855-4DB5-BD26-C75001A1A289}.Release|Any CPU.Build.0 = Release|Any CPU
	EndGlobalSection
	GlobalSection(SolutionProperties) = preSolution
		HideSolutionNode = FALSE
	EndGlobalSection
	GlobalSection(ExtensibilityGlobals) = postSolution
		SolutionGuid = {3D2D64AC-86C7-467B-A83F-23497D363F20}
	EndGlobalSection
EndGlobal
